
Microsoft Visual Studio Solution File, Format Version 12.00
# Visual Studio Version 16
VisualStudioVersion = 16.0.31321.278
MinimumVisualStudioVersion = 10.0.40219.1
Project("{9A19103F-16F7-4668-BE54-9A1E7A4F7556}") = "MarketSignals", "MarketSignals\MarketSignals.csproj", "{64ED6575-DE5A-447E-B24A-A9EEDEDA9A74}"
EndProject
Project("{9A19103F-16F7-4668-BE54-9A1E7A4F7556}") = "MarketSignals.Tests", "MarketSignals.Tests\MarketSignals.Tests.csproj", "{41B1B41A-37E0-4798-922E-F7A25A7B077B}"
EndProject
Project("{9A19103F-16F7-4668-BE54-9A1E7A4F7556}") = "SignalSources.Twitter", "SignalSources.Twitter\SignalSources.Twitter.csproj", "{E2237995-77A9-48DA-9E75-27E73B9D5147}"
EndProject
Project("{9A19103F-16F7-4668-BE54-9A1E7A4F7556}") = "SignalSources.Binance", "SignalSources.Binance\SignalSources.Binance.csproj", "{D51469B1-4F19-49E7-876A-21194AB10227}"
EndProject
Project("{9A19103F-16F7-4668-BE54-9A1E7A4F7556}") = "SignnalSources.Twitter.Tests", "SignnalSources.Twitter.Tests\SignnalSources.Twitter.Tests.csproj", "{8F8AC731-AC9F-4DE5-9846-F2331A535657}"
EndProject
Project("{9A19103F-16F7-4668-BE54-9A1E7A4F7556}") = "SignalSources.Binance.Tests", "SignalSources.Binance.Tests\SignalSources.Binance.Tests.csproj", "{F6B52174-E2C1-4B6C-B3C9-5B8926A0A16C}"
EndProject
Project("{2150E333-8FDC-42A3-9474-1A3956D46DE8}") = "Solution Items", "Solution Items", "{36159991-E4C1-4A46-8C6B-ECFA2BBB1208}"
	ProjectSection(SolutionItems) = preProject
		.editorconfig = .editorconfig
	EndProjectSection
EndProject
Project("{9A19103F-16F7-4668-BE54-9A1E7A4F7556}") = "MarketSignals.Serverless", "MarketSignals.Serverless\MarketSignals.Serverless.csproj", "{1E385726-5A79-46F4-86F2-3F2BEE470550}"
EndProject
Project("{2150E333-8FDC-42A3-9474-1A3956D46DE8}") = "WPF", "WPF", "{62C6F00B-2F4D-4E66-B544-93FC70D7AA26}"
EndProject
Project("{9A19103F-16F7-4668-BE54-9A1E7A4F7556}") = "MarketSignals.Desktop", "MarketSignals.Desktop\MarketSignals.Desktop.csproj", "{69312ABB-1841-4AA8-8DA5-B943BA66051C}"
EndProject
Project("{2150E333-8FDC-42A3-9474-1A3956D46DE8}") = "Common", "Common", "{4A632AA8-0B2B-4BC9-B91D-3087C4DDBDA8}"
EndProject
Project("{2150E333-8FDC-42A3-9474-1A3956D46DE8}") = "Blazor", "Blazor", "{EA0C97E0-77F0-496B-AC95-5BCA771E9947}"
EndProject
Project("{9A19103F-16F7-4668-BE54-9A1E7A4F7556}") = "SignalSources.Youtube", "SignalSources.Youtube\SignalSources.Youtube.csproj", "{C8086BCA-6C34-4E93-A746-B7F6C428CFFF}"
EndProject
Project("{9A19103F-16F7-4668-BE54-9A1E7A4F7556}") = "SignalSources.Youtube.Tests", "SignalSources.Youtube.Tests\SignalSources.Youtube.Tests.csproj", "{A4F6F112-D5DA-456F-96C4-F6C540808892}"
EndProject
Project("{9A19103F-16F7-4668-BE54-9A1E7A4F7556}") = "SignalSources.Interfaces", "SignalsSources.Interfaces\SignalSources.Interfaces.csproj", "{AEAF3F0A-B8BF-4AA6-BA15-D08B17B52A4F}"
EndProject
Project("{9A19103F-16F7-4668-BE54-9A1E7A4F7556}") = "SignalSources.Taapi", "SignalSources.Taapi\SignalSources.Taapi.csproj", "{3990081B-6506-4CB2-9942-924C32D1B318}"
EndProject
Project("{9A19103F-16F7-4668-BE54-9A1E7A4F7556}") = "SignalSources.Common", "SignalSources.Common\SignalSources.Common.csproj", "{EDD54B36-3509-4A12-B7AE-CCAD9A3EFBE5}"
EndProject
Project("{9A19103F-16F7-4668-BE54-9A1E7A4F7556}") = "MarketSignals.IoC", "MarketSignals.IoC\MarketSignals.IoC.csproj", "{AE263621-0EA1-4D95-8CD6-170078C32454}"
EndProject
Project("{2150E333-8FDC-42A3-9474-1A3956D46DE8}") = "Tests", "Tests", "{B677493B-B629-4BCF-A78F-EBE6D609C18C}"
EndProject
Project("{9A19103F-16F7-4668-BE54-9A1E7A4F7556}") = "SignalSources.Taapi.Tests", "SignalSources.Taapi.Tests\SignalSources.Taapi.Tests.csproj", "{3858FF3E-3890-489C-82CA-D35C94F74E62}"
EndProject
Global
	GlobalSection(SolutionConfigurationPlatforms) = preSolution
		Debug|Any CPU = Debug|Any CPU
		Release|Any CPU = Release|Any CPU
	EndGlobalSection
	GlobalSection(ProjectConfigurationPlatforms) = postSolution
		{64ED6575-DE5A-447E-B24A-A9EEDEDA9A74}.Debug|Any CPU.ActiveCfg = Debug|Any CPU
		{64ED6575-DE5A-447E-B24A-A9EEDEDA9A74}.Debug|Any CPU.Build.0 = Debug|Any CPU
		{64ED6575-DE5A-447E-B24A-A9EEDEDA9A74}.Release|Any CPU.ActiveCfg = Release|Any CPU
		{64ED6575-DE5A-447E-B24A-A9EEDEDA9A74}.Release|Any CPU.Build.0 = Release|Any CPU
		{41B1B41A-37E0-4798-922E-F7A25A7B077B}.Debug|Any CPU.ActiveCfg = Debug|Any CPU
		{41B1B41A-37E0-4798-922E-F7A25A7B077B}.Debug|Any CPU.Build.0 = Debug|Any CPU
		{41B1B41A-37E0-4798-922E-F7A25A7B077B}.Release|Any CPU.ActiveCfg = Release|Any CPU
		{41B1B41A-37E0-4798-922E-F7A25A7B077B}.Release|Any CPU.Build.0 = Release|Any CPU
		{E2237995-77A9-48DA-9E75-27E73B9D5147}.Debug|Any CPU.ActiveCfg = Debug|Any CPU
		{E2237995-77A9-48DA-9E75-27E73B9D5147}.Debug|Any CPU.Build.0 = Debug|Any CPU
		{E2237995-77A9-48DA-9E75-27E73B9D5147}.Release|Any CPU.ActiveCfg = Release|Any CPU
		{E2237995-77A9-48DA-9E75-27E73B9D5147}.Release|Any CPU.Build.0 = Release|Any CPU
		{D51469B1-4F19-49E7-876A-21194AB10227}.Debug|Any CPU.ActiveCfg = Debug|Any CPU
		{D51469B1-4F19-49E7-876A-21194AB10227}.Debug|Any CPU.Build.0 = Debug|Any CPU
		{D51469B1-4F19-49E7-876A-21194AB10227}.Release|Any CPU.ActiveCfg = Release|Any CPU
		{D51469B1-4F19-49E7-876A-21194AB10227}.Release|Any CPU.Build.0 = Release|Any CPU
		{8F8AC731-AC9F-4DE5-9846-F2331A535657}.Debug|Any CPU.ActiveCfg = Debug|Any CPU
		{8F8AC731-AC9F-4DE5-9846-F2331A535657}.Debug|Any CPU.Build.0 = Debug|Any CPU
		{8F8AC731-AC9F-4DE5-9846-F2331A535657}.Release|Any CPU.ActiveCfg = Release|Any CPU
		{8F8AC731-AC9F-4DE5-9846-F2331A535657}.Release|Any CPU.Build.0 = Release|Any CPU
		{F6B52174-E2C1-4B6C-B3C9-5B8926A0A16C}.Debug|Any CPU.ActiveCfg = Debug|Any CPU
		{F6B52174-E2C1-4B6C-B3C9-5B8926A0A16C}.Debug|Any CPU.Build.0 = Debug|Any CPU
		{F6B52174-E2C1-4B6C-B3C9-5B8926A0A16C}.Release|Any CPU.ActiveCfg = Release|Any CPU
		{F6B52174-E2C1-4B6C-B3C9-5B8926A0A16C}.Release|Any CPU.Build.0 = Release|Any CPU
		{1E385726-5A79-46F4-86F2-3F2BEE470550}.Debug|Any CPU.ActiveCfg = Debug|Any CPU
		{1E385726-5A79-46F4-86F2-3F2BEE470550}.Debug|Any CPU.Build.0 = Debug|Any CPU
		{1E385726-5A79-46F4-86F2-3F2BEE470550}.Release|Any CPU.ActiveCfg = Release|Any CPU
		{1E385726-5A79-46F4-86F2-3F2BEE470550}.Release|Any CPU.Build.0 = Release|Any CPU
		{69312ABB-1841-4AA8-8DA5-B943BA66051C}.Debug|Any CPU.ActiveCfg = Debug|Any CPU
		{69312ABB-1841-4AA8-8DA5-B943BA66051C}.Debug|Any CPU.Build.0 = Debug|Any CPU
		{69312ABB-1841-4AA8-8DA5-B943BA66051C}.Release|Any CPU.ActiveCfg = Release|Any CPU
		{69312ABB-1841-4AA8-8DA5-B943BA66051C}.Release|Any CPU.Build.0 = Release|Any CPU
		{C8086BCA-6C34-4E93-A746-B7F6C428CFFF}.Debug|Any CPU.ActiveCfg = Debug|Any CPU
		{C8086BCA-6C34-4E93-A746-B7F6C428CFFF}.Debug|Any CPU.Build.0 = Debug|Any CPU
		{C8086BCA-6C34-4E93-A746-B7F6C428CFFF}.Release|Any CPU.ActiveCfg = Release|Any CPU
		{C8086BCA-6C34-4E93-A746-B7F6C428CFFF}.Release|Any CPU.Build.0 = Release|Any CPU
		{A4F6F112-D5DA-456F-96C4-F6C540808892}.Debug|Any CPU.ActiveCfg = Debug|Any CPU
		{A4F6F112-D5DA-456F-96C4-F6C540808892}.Debug|Any CPU.Build.0 = Debug|Any CPU
		{A4F6F112-D5DA-456F-96C4-F6C540808892}.Release|Any CPU.ActiveCfg = Release|Any CPU
		{A4F6F112-D5DA-456F-96C4-F6C540808892}.Release|Any CPU.Build.0 = Release|Any CPU
		{AEAF3F0A-B8BF-4AA6-BA15-D08B17B52A4F}.Debug|Any CPU.ActiveCfg = Debug|Any CPU
		{AEAF3F0A-B8BF-4AA6-BA15-D08B17B52A4F}.Debug|Any CPU.Build.0 = Debug|Any CPU
		{AEAF3F0A-B8BF-4AA6-BA15-D08B17B52A4F}.Release|Any CPU.ActiveCfg = Release|Any CPU
		{AEAF3F0A-B8BF-4AA6-BA15-D08B17B52A4F}.Release|Any CPU.Build.0 = Release|Any CPU
		{3990081B-6506-4CB2-9942-924C32D1B318}.Debug|Any CPU.ActiveCfg = Debug|Any CPU
		{3990081B-6506-4CB2-9942-924C32D1B318}.Debug|Any CPU.Build.0 = Debug|Any CPU
		{3990081B-6506-4CB2-9942-924C32D1B318}.Release|Any CPU.ActiveCfg = Release|Any CPU
		{3990081B-6506-4CB2-9942-924C32D1B318}.Release|Any CPU.Build.0 = Release|Any CPU
		{EDD54B36-3509-4A12-B7AE-CCAD9A3EFBE5}.Debug|Any CPU.ActiveCfg = Debug|Any CPU
		{EDD54B36-3509-4A12-B7AE-CCAD9A3EFBE5}.Debug|Any CPU.Build.0 = Debug|Any CPU
		{EDD54B36-3509-4A12-B7AE-CCAD9A3EFBE5}.Release|Any CPU.ActiveCfg = Release|Any CPU
		{EDD54B36-3509-4A12-B7AE-CCAD9A3EFBE5}.Release|Any CPU.Build.0 = Release|Any CPU
		{AE263621-0EA1-4D95-8CD6-170078C32454}.Debug|Any CPU.ActiveCfg = Debug|Any CPU
		{AE263621-0EA1-4D95-8CD6-170078C32454}.Debug|Any CPU.Build.0 = Debug|Any CPU
		{AE263621-0EA1-4D95-8CD6-170078C32454}.Release|Any CPU.ActiveCfg = Release|Any CPU
		{AE263621-0EA1-4D95-8CD6-170078C32454}.Release|Any CPU.Build.0 = Release|Any CPU
		{3858FF3E-3890-489C-82CA-D35C94F74E62}.Debug|Any CPU.ActiveCfg = Debug|Any CPU
		{3858FF3E-3890-489C-82CA-D35C94F74E62}.Debug|Any CPU.Build.0 = Debug|Any CPU
		{3858FF3E-3890-489C-82CA-D35C94F74E62}.Release|Any CPU.ActiveCfg = Release|Any CPU
		{3858FF3E-3890-489C-82CA-D35C94F74E62}.Release|Any CPU.Build.0 = Release|Any CPU
	EndGlobalSection
	GlobalSection(SolutionProperties) = preSolution
		HideSolutionNode = FALSE
	EndGlobalSection
	GlobalSection(NestedProjects) = preSolution
		{64ED6575-DE5A-447E-B24A-A9EEDEDA9A74} = {EA0C97E0-77F0-496B-AC95-5BCA771E9947}
		{41B1B41A-37E0-4798-922E-F7A25A7B077B} = {EA0C97E0-77F0-496B-AC95-5BCA771E9947}
		{E2237995-77A9-48DA-9E75-27E73B9D5147} = {4A632AA8-0B2B-4BC9-B91D-3087C4DDBDA8}
		{D51469B1-4F19-49E7-876A-21194AB10227} = {4A632AA8-0B2B-4BC9-B91D-3087C4DDBDA8}
		{8F8AC731-AC9F-4DE5-9846-F2331A535657} = {B677493B-B629-4BCF-A78F-EBE6D609C18C}
		{F6B52174-E2C1-4B6C-B3C9-5B8926A0A16C} = {B677493B-B629-4BCF-A78F-EBE6D609C18C}
		{1E385726-5A79-46F4-86F2-3F2BEE470550} = {EA0C97E0-77F0-496B-AC95-5BCA771E9947}
		{69312ABB-1841-4AA8-8DA5-B943BA66051C} = {62C6F00B-2F4D-4E66-B544-93FC70D7AA26}
		{C8086BCA-6C34-4E93-A746-B7F6C428CFFF} = {4A632AA8-0B2B-4BC9-B91D-3087C4DDBDA8}
		{A4F6F112-D5DA-456F-96C4-F6C540808892} = {B677493B-B629-4BCF-A78F-EBE6D609C18C}
		{AEAF3F0A-B8BF-4AA6-BA15-D08B17B52A4F} = {4A632AA8-0B2B-4BC9-B91D-3087C4DDBDA8}
		{3990081B-6506-4CB2-9942-924C32D1B318} = {4A632AA8-0B2B-4BC9-B91D-3087C4DDBDA8}
		{EDD54B36-3509-4A12-B7AE-CCAD9A3EFBE5} = {4A632AA8-0B2B-4BC9-B91D-3087C4DDBDA8}
		{AE263621-0EA1-4D95-8CD6-170078C32454} = {4A632AA8-0B2B-4BC9-B91D-3087C4DDBDA8}
		{B677493B-B629-4BCF-A78F-EBE6D609C18C} = {4A632AA8-0B2B-4BC9-B91D-3087C4DDBDA8}
		{3858FF3E-3890-489C-82CA-D35C94F74E62} = {B677493B-B629-4BCF-A78F-EBE6D609C18C}
	EndGlobalSection
	GlobalSection(ExtensibilityGlobals) = postSolution
		SolutionGuid = {6EAFEC35-9BC4-4462-A9EF-242EB11C6DC9}
	EndGlobalSection
EndGlobal
